
Microsoft Visual Studio Solution File, Format Version 12.00
# Visual Studio 15
VisualStudioVersion = 15.0.28307.106
MinimumVisualStudioVersion = 10.0.40219.1
Project("{9A19103F-16F7-4668-BE54-9A1E7A4F7556}") = "Scheduler", "Scheduler.csproj", "{F560E426-8321-4C16-A9DB-64AC34074DF0}"
EndProject
Global
	GlobalSection(SolutionConfigurationPlatforms) = preSolution
		Debug|Any CPU = Debug|Any CPU
		Release|Any CPU = Release|Any CPU
	EndGlobalSection
	GlobalSection(ProjectConfigurationPlatforms) = postSolution
		{F560E426-8321-4C16-A9DB-64AC34074DF0}.Debug|Any CPU.ActiveCfg = Debug|Any CPU
		{F560E426-8321-4C16-A9DB-64AC34074DF0}.Debug|Any CPU.Build.0 = Debug|Any CPU
		{F560E426-8321-4C16-A9DB-64AC34074DF0}.Release|Any CPU.ActiveCfg = Release|Any CPU
		{F560E426-8321-4C16-A9DB-64AC34074DF0}.Release|Any CPU.Build.0 = Release|Any CPU
	EndGlobalSection
	GlobalSection(SolutionProperties) = preSolution
		HideSolutionNode = FALSE
	EndGlobalSection
	GlobalSection(ExtensibilityGlobals) = postSolution
		SolutionGuid = {2190B278-D4B2-4060-B8F1-D26DE4C00EDB}
	EndGlobalSection
EndGlobal
